
Microsoft Visual Studio Solution File, Format Version 12.00
# Visual Studio Version 16
VisualStudioVersion = 16.0.30204.135
MinimumVisualStudioVersion = 10.0.40219.1
Project("{9A19103F-16F7-4668-BE54-9A1E7A4F7556}") = "GeJu.Api.Main", "GeJu.Api.Main\GeJu.Api.Main.csproj", "{7ACD09DB-8C84-492A-9723-6E926A0A50DC}"
	ProjectSection(ProjectDependencies) = postProject
		{581E1B49-F978-49F0-96EE-64A68A48534C} = {581E1B49-F978-49F0-96EE-64A68A48534C}
	EndProjectSection
EndProject
Project("{9A19103F-16F7-4668-BE54-9A1E7A4F7556}") = "GeJu.Api.Main.Test", "GeJu.Api.Main.Test\GeJu.Api.Main.Test.csproj", "{7C3FB2D3-C6DA-42BC-885E-AB9454647F13}"
	ProjectSection(ProjectDependencies) = postProject
		{7ACD09DB-8C84-492A-9723-6E926A0A50DC} = {7ACD09DB-8C84-492A-9723-6E926A0A50DC}
	EndProjectSection
EndProject
Project("{9A19103F-16F7-4668-BE54-9A1E7A4F7556}") = "GeJu.Sql", "GeJu.Storage.Sql\GeJu.Sql.csproj", "{581E1B49-F978-49F0-96EE-64A68A48534C}"
EndProject
Project("{9A19103F-16F7-4668-BE54-9A1E7A4F7556}") = "GeJu.DALModels", "Commands\GeJu.DALModels.csproj", "{1410920B-85FD-43F5-B18C-2EF63236DA93}"
EndProject
Project("{9A19103F-16F7-4668-BE54-9A1E7A4F7556}") = "GeJu.Common", "GeJu.Common\GeJu.Common.csproj", "{5CA42562-6A0A-4F37-847F-C7952E795FC6}"
EndProject
Project("{2150E333-8FDC-42A3-9474-1A3956D46DE8}") = "Services", "Services", "{842A56BE-7540-48E5-BE58-1760C0321AE2}"
EndProject
Project("{9A19103F-16F7-4668-BE54-9A1E7A4F7556}") = "GeJu.Services.Admin", "GeJu.Services.Admin\GeJu.Services.Admin.csproj", "{EB818B77-F691-4792-8570-C35A3E092B44}"
EndProject
Project("{9A19103F-16F7-4668-BE54-9A1E7A4F7556}") = "Geju.DAL", "DAL\Geju.DAL.csproj", "{5D3BF754-355B-418B-B628-EE439086D79E}"
EndProject
Global
	GlobalSection(SolutionConfigurationPlatforms) = preSolution
		Debug|Any CPU = Debug|Any CPU
		Release|Any CPU = Release|Any CPU
	EndGlobalSection
	GlobalSection(ProjectConfigurationPlatforms) = postSolution
		{7ACD09DB-8C84-492A-9723-6E926A0A50DC}.Debug|Any CPU.ActiveCfg = Debug|Any CPU
		{7ACD09DB-8C84-492A-9723-6E926A0A50DC}.Debug|Any CPU.Build.0 = Debug|Any CPU
		{7ACD09DB-8C84-492A-9723-6E926A0A50DC}.Release|Any CPU.ActiveCfg = Release|Any CPU
		{7ACD09DB-8C84-492A-9723-6E926A0A50DC}.Release|Any CPU.Build.0 = Release|Any CPU
		{7C3FB2D3-C6DA-42BC-885E-AB9454647F13}.Debug|Any CPU.ActiveCfg = Debug|Any CPU
		{7C3FB2D3-C6DA-42BC-885E-AB9454647F13}.Debug|Any CPU.Build.0 = Debug|Any CPU
		{7C3FB2D3-C6DA-42BC-885E-AB9454647F13}.Release|Any CPU.ActiveCfg = Release|Any CPU
		{7C3FB2D3-C6DA-42BC-885E-AB9454647F13}.Release|Any CPU.Build.0 = Release|Any CPU
		{581E1B49-F978-49F0-96EE-64A68A48534C}.Debug|Any CPU.ActiveCfg = Debug|Any CPU
		{581E1B49-F978-49F0-96EE-64A68A48534C}.Debug|Any CPU.Build.0 = Debug|Any CPU
		{581E1B49-F978-49F0-96EE-64A68A48534C}.Release|Any CPU.ActiveCfg = Release|Any CPU
		{581E1B49-F978-49F0-96EE-64A68A48534C}.Release|Any CPU.Build.0 = Release|Any CPU
		{1410920B-85FD-43F5-B18C-2EF63236DA93}.Debug|Any CPU.ActiveCfg = Debug|Any CPU
		{1410920B-85FD-43F5-B18C-2EF63236DA93}.Debug|Any CPU.Build.0 = Debug|Any CPU
		{1410920B-85FD-43F5-B18C-2EF63236DA93}.Release|Any CPU.ActiveCfg = Release|Any CPU
		{1410920B-85FD-43F5-B18C-2EF63236DA93}.Release|Any CPU.Build.0 = Release|Any CPU
		{5CA42562-6A0A-4F37-847F-C7952E795FC6}.Debug|Any CPU.ActiveCfg = Debug|Any CPU
		{5CA42562-6A0A-4F37-847F-C7952E795FC6}.Debug|Any CPU.Build.0 = Debug|Any CPU
		{5CA42562-6A0A-4F37-847F-C7952E795FC6}.Release|Any CPU.ActiveCfg = Release|Any CPU
		{5CA42562-6A0A-4F37-847F-C7952E795FC6}.Release|Any CPU.Build.0 = Release|Any CPU
		{EB818B77-F691-4792-8570-C35A3E092B44}.Debug|Any CPU.ActiveCfg = Debug|Any CPU
		{EB818B77-F691-4792-8570-C35A3E092B44}.Debug|Any CPU.Build.0 = Debug|Any CPU
		{EB818B77-F691-4792-8570-C35A3E092B44}.Release|Any CPU.ActiveCfg = Release|Any CPU
		{EB818B77-F691-4792-8570-C35A3E092B44}.Release|Any CPU.Build.0 = Release|Any CPU
		{5D3BF754-355B-418B-B628-EE439086D79E}.Debug|Any CPU.ActiveCfg = Debug|Any CPU
		{5D3BF754-355B-418B-B628-EE439086D79E}.Debug|Any CPU.Build.0 = Debug|Any CPU
		{5D3BF754-355B-418B-B628-EE439086D79E}.Release|Any CPU.ActiveCfg = Release|Any CPU
		{5D3BF754-355B-418B-B628-EE439086D79E}.Release|Any CPU.Build.0 = Release|Any CPU
	EndGlobalSection
	GlobalSection(SolutionProperties) = preSolution
		HideSolutionNode = FALSE
	EndGlobalSection
	GlobalSection(NestedProjects) = preSolution
		{EB818B77-F691-4792-8570-C35A3E092B44} = {842A56BE-7540-48E5-BE58-1760C0321AE2}
	EndGlobalSection
	GlobalSection(ExtensibilityGlobals) = postSolution
		SolutionGuid = {3A15BF93-4036-422C-9543-5EDCE7A01EE0}
	EndGlobalSection
EndGlobal
